
Microsoft Visual Studio Solution File, Format Version 12.00
# Visual Studio 2012
Project("{FAE04EC0-301F-11D3-BF4B-00C04F79EFBC}") = "Fargs.Web", "Fargs.Web\Fargs.Web.csproj", "{71821501-72E1-4846-B069-B5A32E362520}"
EndProject
Project("{FAE04EC0-301F-11D3-BF4B-00C04F79EFBC}") = "Fargs.Web.Tests", "Fargs.Web.Tests\Fargs.Web.Tests.csproj", "{1F89DC80-730A-4DAF-A35B-80A1CCC1AA69}"
EndProject
Project("{2150E333-8FDC-42A3-9474-1A3956D46DE8}") = ".nuget", ".nuget", "{2662706D-0612-450F-9798-18092E8FE98B}"
	ProjectSection(SolutionItems) = preProject
		.nuget\NuGet.Config = .nuget\NuGet.Config
		.nuget\NuGet.exe = .nuget\NuGet.exe
		.nuget\NuGet.targets = .nuget\NuGet.targets
	EndProjectSection
EndProject
Project("{2150E333-8FDC-42A3-9474-1A3956D46DE8}") = "Solution Items", "Solution Items", "{E4B520C2-46FC-4319-87E1-9CD7AFBC3E03}"
	ProjectSection(SolutionItems) = preProject
		..\..\..\Users\faragol.RI3218LT14\AppData\Local\Microsoft\VisualStudio\11.0\Extensions\ab4yjl2r.2y5\schemas\WE-Palette.css = ..\..\..\Users\faragol.RI3218LT14\AppData\Local\Microsoft\VisualStudio\11.0\Extensions\ab4yjl2r.2y5\schemas\WE-Palette.css
	EndProjectSection
EndProject
Project("{00D1A9C2-B5F0-4AF3-8072-F6C62B433612}") = "FargsDatabase", "FargsDatabase\FargsDatabase.sqlproj", "{61ABBA60-B706-4538-937B-D5F60DF4816C}"
EndProject
Global
	GlobalSection(SolutionConfigurationPlatforms) = preSolution
		Debug|Any CPU = Debug|Any CPU
		Release|Any CPU = Release|Any CPU
	EndGlobalSection
	GlobalSection(ProjectConfigurationPlatforms) = postSolution
		{71821501-72E1-4846-B069-B5A32E362520}.Debug|Any CPU.ActiveCfg = Debug|Any CPU
		{71821501-72E1-4846-B069-B5A32E362520}.Debug|Any CPU.Build.0 = Debug|Any CPU
		{71821501-72E1-4846-B069-B5A32E362520}.Release|Any CPU.ActiveCfg = Release|Any CPU
		{71821501-72E1-4846-B069-B5A32E362520}.Release|Any CPU.Build.0 = Release|Any CPU
		{1F89DC80-730A-4DAF-A35B-80A1CCC1AA69}.Debug|Any CPU.ActiveCfg = Debug|Any CPU
		{1F89DC80-730A-4DAF-A35B-80A1CCC1AA69}.Debug|Any CPU.Build.0 = Debug|Any CPU
		{1F89DC80-730A-4DAF-A35B-80A1CCC1AA69}.Release|Any CPU.ActiveCfg = Release|Any CPU
		{1F89DC80-730A-4DAF-A35B-80A1CCC1AA69}.Release|Any CPU.Build.0 = Release|Any CPU
		{61ABBA60-B706-4538-937B-D5F60DF4816C}.Debug|Any CPU.ActiveCfg = Debug|Any CPU
		{61ABBA60-B706-4538-937B-D5F60DF4816C}.Debug|Any CPU.Build.0 = Debug|Any CPU
		{61ABBA60-B706-4538-937B-D5F60DF4816C}.Debug|Any CPU.Deploy.0 = Debug|Any CPU
		{61ABBA60-B706-4538-937B-D5F60DF4816C}.Release|Any CPU.ActiveCfg = Release|Any CPU
		{61ABBA60-B706-4538-937B-D5F60DF4816C}.Release|Any CPU.Build.0 = Release|Any CPU
		{61ABBA60-B706-4538-937B-D5F60DF4816C}.Release|Any CPU.Deploy.0 = Release|Any CPU
	EndGlobalSection
	GlobalSection(SolutionProperties) = preSolution
		HideSolutionNode = FALSE
	EndGlobalSection
EndGlobal
