
Microsoft Visual Studio Solution File, Format Version 12.00
# Visual Studio 14
VisualStudioVersion = 14.0.25123.0
MinimumVisualStudioVersion = 10.0.40219.1
Project("{2150E333-8FDC-42A3-9474-1A3956D46DE8}") = "Databases", "Databases", "{681AF567-05F4-409D-B31E-64AB12FFCB42}"
EndProject
Project("{00D1A9C2-B5F0-4AF3-8072-F6C62B433612}") = "Orvosi", "Databases\Orvosi\Orvosi.sqlproj", "{7C4289B0-5D9B-48A5-B8EB-7B1EAC6088A3}"
EndProject
Project("{FAE04EC0-301F-11D3-BF4B-00C04F79EFBC}") = "Model", "Model\Model.csproj", "{57EFE4BA-D313-4E8A-93E4-7E3D9443103B}"
EndProject
Project("{FAE04EC0-301F-11D3-BF4B-00C04F79EFBC}") = "Orvosi.Test", "Databases\Orvosi.Test\Orvosi.Test.csproj", "{1EC697AD-4124-4977-9778-ED29053D27C3}"
EndProject
Project("{FAE04EC0-301F-11D3-BF4B-00C04F79EFBC}") = "WebApp", "WebApp\WebApp.csproj", "{6B72176D-E6D3-4CAF-9BC0-E281700840A9}"
EndProject
Project("{2150E333-8FDC-42A3-9474-1A3956D46DE8}") = "Solution Items", "Solution Items", "{1A2E65A3-201E-4DC3-AC60-68E9C57C06CA}"
	ProjectSection(SolutionItems) = preProject
		.gitattributes = .gitattributes
		.gitignore = .gitignore
		DeploymentNotes.md = DeploymentNotes.md
		README.md = README.md
	EndProjectSection
EndProject
Project("{FAE04EC0-301F-11D3-BF4B-00C04F79EFBC}") = "Orvosi.T4", "Orvosi.T4\Orvosi.T4.csproj", "{88CD1278-1473-4DCE-8EA0-93001A7EA642}"
EndProject
Project("{FAE04EC0-301F-11D3-BF4B-00C04F79EFBC}") = "Orvosi.Extensions", "Orvosi.Extensions\Orvosi.Extensions.csproj", "{CBBCA8F3-B69A-474C-9D17-90A433C5A3F3}"
EndProject
Project("{FAE04EC0-301F-11D3-BF4B-00C04F79EFBC}") = "Orvosi.Extensions.Test", "Orvosi.Extensions.Test\Orvosi.Extensions.Test.csproj", "{63B9AC2C-77EA-4758-B1DB-51A8B392A424}"
EndProject
Global
	GlobalSection(Performance) = preSolution
		HasPerformanceSessions = true
	EndGlobalSection
	GlobalSection(SolutionConfigurationPlatforms) = preSolution
		Debug|Any CPU = Debug|Any CPU
		Release|Any CPU = Release|Any CPU
	EndGlobalSection
	GlobalSection(ProjectConfigurationPlatforms) = postSolution
		{7C4289B0-5D9B-48A5-B8EB-7B1EAC6088A3}.Debug|Any CPU.ActiveCfg = Debug|Any CPU
		{7C4289B0-5D9B-48A5-B8EB-7B1EAC6088A3}.Debug|Any CPU.Build.0 = Debug|Any CPU
		{7C4289B0-5D9B-48A5-B8EB-7B1EAC6088A3}.Debug|Any CPU.Deploy.0 = Debug|Any CPU
		{7C4289B0-5D9B-48A5-B8EB-7B1EAC6088A3}.Release|Any CPU.ActiveCfg = Release|Any CPU
		{7C4289B0-5D9B-48A5-B8EB-7B1EAC6088A3}.Release|Any CPU.Build.0 = Release|Any CPU
		{7C4289B0-5D9B-48A5-B8EB-7B1EAC6088A3}.Release|Any CPU.Deploy.0 = Release|Any CPU
		{57EFE4BA-D313-4E8A-93E4-7E3D9443103B}.Debug|Any CPU.ActiveCfg = Debug|Any CPU
		{57EFE4BA-D313-4E8A-93E4-7E3D9443103B}.Debug|Any CPU.Build.0 = Debug|Any CPU
		{57EFE4BA-D313-4E8A-93E4-7E3D9443103B}.Release|Any CPU.ActiveCfg = Release|Any CPU
		{57EFE4BA-D313-4E8A-93E4-7E3D9443103B}.Release|Any CPU.Build.0 = Release|Any CPU
		{1EC697AD-4124-4977-9778-ED29053D27C3}.Debug|Any CPU.ActiveCfg = Debug|Any CPU
		{1EC697AD-4124-4977-9778-ED29053D27C3}.Debug|Any CPU.Build.0 = Debug|Any CPU
		{1EC697AD-4124-4977-9778-ED29053D27C3}.Release|Any CPU.ActiveCfg = Release|Any CPU
		{1EC697AD-4124-4977-9778-ED29053D27C3}.Release|Any CPU.Build.0 = Release|Any CPU
		{6B72176D-E6D3-4CAF-9BC0-E281700840A9}.Debug|Any CPU.ActiveCfg = Debug|Any CPU
		{6B72176D-E6D3-4CAF-9BC0-E281700840A9}.Debug|Any CPU.Build.0 = Debug|Any CPU
		{6B72176D-E6D3-4CAF-9BC0-E281700840A9}.Release|Any CPU.ActiveCfg = Release|Any CPU
		{6B72176D-E6D3-4CAF-9BC0-E281700840A9}.Release|Any CPU.Build.0 = Release|Any CPU
		{88CD1278-1473-4DCE-8EA0-93001A7EA642}.Debug|Any CPU.ActiveCfg = Debug|Any CPU
		{88CD1278-1473-4DCE-8EA0-93001A7EA642}.Debug|Any CPU.Build.0 = Debug|Any CPU
		{88CD1278-1473-4DCE-8EA0-93001A7EA642}.Release|Any CPU.ActiveCfg = Release|Any CPU
		{88CD1278-1473-4DCE-8EA0-93001A7EA642}.Release|Any CPU.Build.0 = Release|Any CPU
		{CBBCA8F3-B69A-474C-9D17-90A433C5A3F3}.Debug|Any CPU.ActiveCfg = Debug|Any CPU
		{CBBCA8F3-B69A-474C-9D17-90A433C5A3F3}.Debug|Any CPU.Build.0 = Debug|Any CPU
		{CBBCA8F3-B69A-474C-9D17-90A433C5A3F3}.Release|Any CPU.ActiveCfg = Release|Any CPU
		{CBBCA8F3-B69A-474C-9D17-90A433C5A3F3}.Release|Any CPU.Build.0 = Release|Any CPU
		{63B9AC2C-77EA-4758-B1DB-51A8B392A424}.Debug|Any CPU.ActiveCfg = Debug|Any CPU
		{63B9AC2C-77EA-4758-B1DB-51A8B392A424}.Debug|Any CPU.Build.0 = Debug|Any CPU
		{63B9AC2C-77EA-4758-B1DB-51A8B392A424}.Release|Any CPU.ActiveCfg = Release|Any CPU
		{63B9AC2C-77EA-4758-B1DB-51A8B392A424}.Release|Any CPU.Build.0 = Release|Any CPU
	EndGlobalSection
	GlobalSection(SolutionProperties) = preSolution
		HideSolutionNode = FALSE
	EndGlobalSection
	GlobalSection(NestedProjects) = preSolution
		{7C4289B0-5D9B-48A5-B8EB-7B1EAC6088A3} = {681AF567-05F4-409D-B31E-64AB12FFCB42}
		{1EC697AD-4124-4977-9778-ED29053D27C3} = {681AF567-05F4-409D-B31E-64AB12FFCB42}
	EndGlobalSection
EndGlobal
