
Microsoft Visual Studio Solution File, Format Version 12.00
# Visual Studio Version 16
VisualStudioVersion = 16.0.31025.218
MinimumVisualStudioVersion = 10.0.40219.1
Project("{9A19103F-16F7-4668-BE54-9A1E7A4F7556}") = "ImeHub.BlazorServer", "ImeHub.BlazorServer.csproj", "{D6313B31-6D82-46AF-B885-69BF36925E13}"
EndProject
Global
	GlobalSection(SolutionConfigurationPlatforms) = preSolution
		Debug|Any CPU = Debug|Any CPU
		Release|Any CPU = Release|Any CPU
	EndGlobalSection
	GlobalSection(ProjectConfigurationPlatforms) = postSolution
		{D6313B31-6D82-46AF-B885-69BF36925E13}.Debug|Any CPU.ActiveCfg = Debug|Any CPU
		{D6313B31-6D82-46AF-B885-69BF36925E13}.Debug|Any CPU.Build.0 = Debug|Any CPU
		{D6313B31-6D82-46AF-B885-69BF36925E13}.Release|Any CPU.ActiveCfg = Release|Any CPU
		{D6313B31-6D82-46AF-B885-69BF36925E13}.Release|Any CPU.Build.0 = Release|Any CPU
	EndGlobalSection
	GlobalSection(SolutionProperties) = preSolution
		HideSolutionNode = FALSE
	EndGlobalSection
	GlobalSection(ExtensibilityGlobals) = postSolution
		SolutionGuid = {05307FC8-38EE-4483-A993-28C15E3D1441}
	EndGlobalSection
EndGlobal
